
Microsoft Visual Studio Solution File, Format Version 12.00
# Visual Studio 15
VisualStudioVersion = 15.0.28307.168
MinimumVisualStudioVersion = 10.0.40219.1
Project("{FAE04EC0-301F-11D3-BF4B-00C04F79EFBC}") = "opgave_variablertal", "opgave_variablertal\opgave_variablertal.csproj", "{9C939B97-D600-433F-8105-DCD6A14DD87F}"
EndProject
Global
	GlobalSection(SolutionConfigurationPlatforms) = preSolution
		Debug|Any CPU = Debug|Any CPU
		Release|Any CPU = Release|Any CPU
	EndGlobalSection
	GlobalSection(ProjectConfigurationPlatforms) = postSolution
		{9C939B97-D600-433F-8105-DCD6A14DD87F}.Debug|Any CPU.ActiveCfg = Debug|Any CPU
		{9C939B97-D600-433F-8105-DCD6A14DD87F}.Debug|Any CPU.Build.0 = Debug|Any CPU
		{9C939B97-D600-433F-8105-DCD6A14DD87F}.Release|Any CPU.ActiveCfg = Release|Any CPU
		{9C939B97-D600-433F-8105-DCD6A14DD87F}.Release|Any CPU.Build.0 = Release|Any CPU
	EndGlobalSection
	GlobalSection(SolutionProperties) = preSolution
		HideSolutionNode = FALSE
	EndGlobalSection
	GlobalSection(ExtensibilityGlobals) = postSolution
		SolutionGuid = {8A030953-4FB1-4A0F-A771-FDB6A9917D93}
	EndGlobalSection
EndGlobal
