
Microsoft Visual Studio Solution File, Format Version 12.00
# Visual Studio 15
VisualStudioVersion = 15.0.28307.168
MinimumVisualStudioVersion = 10.0.40219.1
Project("{FAE04EC0-301F-11D3-BF4B-00C04F79EFBC}") = "opgave_variablertal", "opgave_variablertal\opgave_variablertal.csproj", "{9C939B97-D600-433F-8105-DCD6A14DD87F}"
EndProject
Project("{9A19103F-16F7-4668-BE54-9A1E7A4F7556}") = "opgave_regnemaskine", "opgave_regnemaskine\opgave_regnemaskine.csproj", "{6A73BEC1-D4E7-4E60-95EF-6C1DC47E3737}"
EndProject
Project("{9A19103F-16F7-4668-BE54-9A1E7A4F7556}") = "opgave_datetime", "opgave_datetime\opgave_datetime.csproj", "{33BD4B0B-A97F-4760-BADC-B822454ED5F6}"
EndProject
Project("{9A19103F-16F7-4668-BE54-9A1E7A4F7556}") = "opgave_strenge", "opgave_strenge\opgave_strenge.csproj", "{A011DD66-4922-42BE-9A15-9F91F09399EF}"
EndProject
Project("{9A19103F-16F7-4668-BE54-9A1E7A4F7556}") = "opgave_struct", "opgave_struct\opgave_struct.csproj", "{B2589CC5-DB40-4783-B589-7993FE4227E7}"
EndProject
Project("{9A19103F-16F7-4668-BE54-9A1E7A4F7556}") = "opgave_flow", "opgave_flow\opgave_flow.csproj", "{57CC7C08-19F9-4F13-8456-418754E4B1A1}"
EndProject
Project("{9A19103F-16F7-4668-BE54-9A1E7A4F7556}") = "tips_og_hints", "tips_og_hints\tips_og_hints.csproj", "{F9DB1B18-1063-4C92-B65C-436CEFEE599D}"
EndProject
Project("{9A19103F-16F7-4668-BE54-9A1E7A4F7556}") = "opgave_metoder", "opgave_metoder\opgave_metoder.csproj", "{CBDFEB1D-7DFE-4B98-9323-3E3428EFA88B}"
EndProject
Project("{9A19103F-16F7-4668-BE54-9A1E7A4F7556}") = "StatiskOpgave", "StatiskOpgave\StatiskOpgave.csproj", "{D0E1961C-4D7B-47FE-B5B8-08DD3E76F818}"
EndProject
Project("{9A19103F-16F7-4668-BE54-9A1E7A4F7556}") = "fejl_simple", "fejl_simple\fejl_simple.csproj", "{AB383ADC-931A-482B-922A-221601F29B15}"
EndProject
Project("{9A19103F-16F7-4668-BE54-9A1E7A4F7556}") = "klasser_simpel", "klasser_simpel\klasser_simpel.csproj", "{25652D17-039F-4C2C-A540-2236F718498E}"
EndProject
Project("{9A19103F-16F7-4668-BE54-9A1E7A4F7556}") = "klasser_terning", "klasser_terning\klasser_terning.csproj", "{0CDEC282-76B5-4D8D-B653-792388455119}"
EndProject
Project("{9A19103F-16F7-4668-BE54-9A1E7A4F7556}") = "opgave_stringbuilder", "opgave_stringbuilder\opgave_stringbuilder.csproj", "{38D56374-4AC6-4EE8-97C4-78CC324D9C23}"
EndProject
Project("{9A19103F-16F7-4668-BE54-9A1E7A4F7556}") = "klasser_komplete_egenskaber", "klasser_komplete_egenskaber\klasser_komplete_egenskaber.csproj", "{A3A1FC46-C2D4-4957-9BEA-6D6B409C9CA0}"
EndProject
Project("{9A19103F-16F7-4668-BE54-9A1E7A4F7556}") = "indkapsling_egenskaber", "indkapsling_egenskaber\indkapsling_egenskaber.csproj", "{AAF8FEF3-9E03-41D2-8137-01E23BAA5401}"
EndProject
Project("{9A19103F-16F7-4668-BE54-9A1E7A4F7556}") = "indkapsling_terning", "indkapsling_terning\indkapsling_terning.csproj", "{3CB06EB2-4F82-458B-98E7-C1A0F01A75AF}"
EndProject
Project("{9A19103F-16F7-4668-BE54-9A1E7A4F7556}") = "arrays", "arrays\arrays.csproj", "{09753DFE-1C43-4FDE-9CE0-93B254F3BE07}"
EndProject
Project("{9A19103F-16F7-4668-BE54-9A1E7A4F7556}") = "samlinger", "samlinger\samlinger.csproj", "{098D8881-CBCD-4552-B297-64C0B7A8F8C3}"
EndProject
Project("{9A19103F-16F7-4668-BE54-9A1E7A4F7556}") = "StartDag5", "ConsoleApp2\StartDag5.csproj", "{250B6646-440D-48CC-A2F3-A7F7401F17B4}"
EndProject
Project("{9A19103F-16F7-4668-BE54-9A1E7A4F7556}") = "opgave_arv", "opgave_arv\opgave_arv.csproj", "{E29C8F41-01E7-4DB1-8B27-16D1D5CD0C8B}"
EndProject
Project("{9A19103F-16F7-4668-BE54-9A1E7A4F7556}") = "opgave_arv_terning", "opgave_arv_terning\opgave_arv_terning.csproj", "{C421D306-81FC-43E3-9CC5-DE67B0BE8492}"
EndProject
Project("{FAE04EC0-301F-11D3-BF4B-00C04F79EFBC}") = "opgave_arv_polymorfi", "opgave_arv_polymorfi\opgave_arv_polymorfi.csproj", "{28FA6F92-B080-4E04-9A09-F06A6262D2B3}"
EndProject
Global
	GlobalSection(SolutionConfigurationPlatforms) = preSolution
		Debug|Any CPU = Debug|Any CPU
		Release|Any CPU = Release|Any CPU
	EndGlobalSection
	GlobalSection(ProjectConfigurationPlatforms) = postSolution
		{9C939B97-D600-433F-8105-DCD6A14DD87F}.Debug|Any CPU.ActiveCfg = Debug|Any CPU
		{9C939B97-D600-433F-8105-DCD6A14DD87F}.Debug|Any CPU.Build.0 = Debug|Any CPU
		{9C939B97-D600-433F-8105-DCD6A14DD87F}.Release|Any CPU.ActiveCfg = Release|Any CPU
		{9C939B97-D600-433F-8105-DCD6A14DD87F}.Release|Any CPU.Build.0 = Release|Any CPU
		{6A73BEC1-D4E7-4E60-95EF-6C1DC47E3737}.Debug|Any CPU.ActiveCfg = Debug|Any CPU
		{6A73BEC1-D4E7-4E60-95EF-6C1DC47E3737}.Debug|Any CPU.Build.0 = Debug|Any CPU
		{6A73BEC1-D4E7-4E60-95EF-6C1DC47E3737}.Release|Any CPU.ActiveCfg = Release|Any CPU
		{6A73BEC1-D4E7-4E60-95EF-6C1DC47E3737}.Release|Any CPU.Build.0 = Release|Any CPU
		{33BD4B0B-A97F-4760-BADC-B822454ED5F6}.Debug|Any CPU.ActiveCfg = Debug|Any CPU
		{33BD4B0B-A97F-4760-BADC-B822454ED5F6}.Debug|Any CPU.Build.0 = Debug|Any CPU
		{33BD4B0B-A97F-4760-BADC-B822454ED5F6}.Release|Any CPU.ActiveCfg = Release|Any CPU
		{33BD4B0B-A97F-4760-BADC-B822454ED5F6}.Release|Any CPU.Build.0 = Release|Any CPU
		{A011DD66-4922-42BE-9A15-9F91F09399EF}.Debug|Any CPU.ActiveCfg = Debug|Any CPU
		{A011DD66-4922-42BE-9A15-9F91F09399EF}.Debug|Any CPU.Build.0 = Debug|Any CPU
		{A011DD66-4922-42BE-9A15-9F91F09399EF}.Release|Any CPU.ActiveCfg = Release|Any CPU
		{A011DD66-4922-42BE-9A15-9F91F09399EF}.Release|Any CPU.Build.0 = Release|Any CPU
		{B2589CC5-DB40-4783-B589-7993FE4227E7}.Debug|Any CPU.ActiveCfg = Debug|Any CPU
		{B2589CC5-DB40-4783-B589-7993FE4227E7}.Debug|Any CPU.Build.0 = Debug|Any CPU
		{B2589CC5-DB40-4783-B589-7993FE4227E7}.Release|Any CPU.ActiveCfg = Release|Any CPU
		{B2589CC5-DB40-4783-B589-7993FE4227E7}.Release|Any CPU.Build.0 = Release|Any CPU
		{57CC7C08-19F9-4F13-8456-418754E4B1A1}.Debug|Any CPU.ActiveCfg = Debug|Any CPU
		{57CC7C08-19F9-4F13-8456-418754E4B1A1}.Debug|Any CPU.Build.0 = Debug|Any CPU
		{57CC7C08-19F9-4F13-8456-418754E4B1A1}.Release|Any CPU.ActiveCfg = Release|Any CPU
		{57CC7C08-19F9-4F13-8456-418754E4B1A1}.Release|Any CPU.Build.0 = Release|Any CPU
		{F9DB1B18-1063-4C92-B65C-436CEFEE599D}.Debug|Any CPU.ActiveCfg = Debug|Any CPU
		{F9DB1B18-1063-4C92-B65C-436CEFEE599D}.Debug|Any CPU.Build.0 = Debug|Any CPU
		{F9DB1B18-1063-4C92-B65C-436CEFEE599D}.Release|Any CPU.ActiveCfg = Release|Any CPU
		{F9DB1B18-1063-4C92-B65C-436CEFEE599D}.Release|Any CPU.Build.0 = Release|Any CPU
		{CBDFEB1D-7DFE-4B98-9323-3E3428EFA88B}.Debug|Any CPU.ActiveCfg = Debug|Any CPU
		{CBDFEB1D-7DFE-4B98-9323-3E3428EFA88B}.Debug|Any CPU.Build.0 = Debug|Any CPU
		{CBDFEB1D-7DFE-4B98-9323-3E3428EFA88B}.Release|Any CPU.ActiveCfg = Release|Any CPU
		{CBDFEB1D-7DFE-4B98-9323-3E3428EFA88B}.Release|Any CPU.Build.0 = Release|Any CPU
		{D0E1961C-4D7B-47FE-B5B8-08DD3E76F818}.Debug|Any CPU.ActiveCfg = Debug|Any CPU
		{D0E1961C-4D7B-47FE-B5B8-08DD3E76F818}.Debug|Any CPU.Build.0 = Debug|Any CPU
		{D0E1961C-4D7B-47FE-B5B8-08DD3E76F818}.Release|Any CPU.ActiveCfg = Release|Any CPU
		{D0E1961C-4D7B-47FE-B5B8-08DD3E76F818}.Release|Any CPU.Build.0 = Release|Any CPU
		{AB383ADC-931A-482B-922A-221601F29B15}.Debug|Any CPU.ActiveCfg = Debug|Any CPU
		{AB383ADC-931A-482B-922A-221601F29B15}.Debug|Any CPU.Build.0 = Debug|Any CPU
		{AB383ADC-931A-482B-922A-221601F29B15}.Release|Any CPU.ActiveCfg = Release|Any CPU
		{AB383ADC-931A-482B-922A-221601F29B15}.Release|Any CPU.Build.0 = Release|Any CPU
		{25652D17-039F-4C2C-A540-2236F718498E}.Debug|Any CPU.ActiveCfg = Debug|Any CPU
		{25652D17-039F-4C2C-A540-2236F718498E}.Debug|Any CPU.Build.0 = Debug|Any CPU
		{25652D17-039F-4C2C-A540-2236F718498E}.Release|Any CPU.ActiveCfg = Release|Any CPU
		{25652D17-039F-4C2C-A540-2236F718498E}.Release|Any CPU.Build.0 = Release|Any CPU
		{0CDEC282-76B5-4D8D-B653-792388455119}.Debug|Any CPU.ActiveCfg = Debug|Any CPU
		{0CDEC282-76B5-4D8D-B653-792388455119}.Debug|Any CPU.Build.0 = Debug|Any CPU
		{0CDEC282-76B5-4D8D-B653-792388455119}.Release|Any CPU.ActiveCfg = Release|Any CPU
		{0CDEC282-76B5-4D8D-B653-792388455119}.Release|Any CPU.Build.0 = Release|Any CPU
		{38D56374-4AC6-4EE8-97C4-78CC324D9C23}.Debug|Any CPU.ActiveCfg = Debug|Any CPU
		{38D56374-4AC6-4EE8-97C4-78CC324D9C23}.Debug|Any CPU.Build.0 = Debug|Any CPU
		{38D56374-4AC6-4EE8-97C4-78CC324D9C23}.Release|Any CPU.ActiveCfg = Release|Any CPU
		{38D56374-4AC6-4EE8-97C4-78CC324D9C23}.Release|Any CPU.Build.0 = Release|Any CPU
		{A3A1FC46-C2D4-4957-9BEA-6D6B409C9CA0}.Debug|Any CPU.ActiveCfg = Debug|Any CPU
		{A3A1FC46-C2D4-4957-9BEA-6D6B409C9CA0}.Debug|Any CPU.Build.0 = Debug|Any CPU
		{A3A1FC46-C2D4-4957-9BEA-6D6B409C9CA0}.Release|Any CPU.ActiveCfg = Release|Any CPU
		{A3A1FC46-C2D4-4957-9BEA-6D6B409C9CA0}.Release|Any CPU.Build.0 = Release|Any CPU
		{AAF8FEF3-9E03-41D2-8137-01E23BAA5401}.Debug|Any CPU.ActiveCfg = Debug|Any CPU
		{AAF8FEF3-9E03-41D2-8137-01E23BAA5401}.Debug|Any CPU.Build.0 = Debug|Any CPU
		{AAF8FEF3-9E03-41D2-8137-01E23BAA5401}.Release|Any CPU.ActiveCfg = Release|Any CPU
		{AAF8FEF3-9E03-41D2-8137-01E23BAA5401}.Release|Any CPU.Build.0 = Release|Any CPU
		{3CB06EB2-4F82-458B-98E7-C1A0F01A75AF}.Debug|Any CPU.ActiveCfg = Debug|Any CPU
		{3CB06EB2-4F82-458B-98E7-C1A0F01A75AF}.Debug|Any CPU.Build.0 = Debug|Any CPU
		{3CB06EB2-4F82-458B-98E7-C1A0F01A75AF}.Release|Any CPU.ActiveCfg = Release|Any CPU
		{3CB06EB2-4F82-458B-98E7-C1A0F01A75AF}.Release|Any CPU.Build.0 = Release|Any CPU
		{09753DFE-1C43-4FDE-9CE0-93B254F3BE07}.Debug|Any CPU.ActiveCfg = Debug|Any CPU
		{09753DFE-1C43-4FDE-9CE0-93B254F3BE07}.Debug|Any CPU.Build.0 = Debug|Any CPU
		{09753DFE-1C43-4FDE-9CE0-93B254F3BE07}.Release|Any CPU.ActiveCfg = Release|Any CPU
		{09753DFE-1C43-4FDE-9CE0-93B254F3BE07}.Release|Any CPU.Build.0 = Release|Any CPU
		{098D8881-CBCD-4552-B297-64C0B7A8F8C3}.Debug|Any CPU.ActiveCfg = Debug|Any CPU
		{098D8881-CBCD-4552-B297-64C0B7A8F8C3}.Debug|Any CPU.Build.0 = Debug|Any CPU
		{098D8881-CBCD-4552-B297-64C0B7A8F8C3}.Release|Any CPU.ActiveCfg = Release|Any CPU
		{098D8881-CBCD-4552-B297-64C0B7A8F8C3}.Release|Any CPU.Build.0 = Release|Any CPU
		{250B6646-440D-48CC-A2F3-A7F7401F17B4}.Debug|Any CPU.ActiveCfg = Debug|Any CPU
		{250B6646-440D-48CC-A2F3-A7F7401F17B4}.Debug|Any CPU.Build.0 = Debug|Any CPU
		{250B6646-440D-48CC-A2F3-A7F7401F17B4}.Release|Any CPU.ActiveCfg = Release|Any CPU
		{250B6646-440D-48CC-A2F3-A7F7401F17B4}.Release|Any CPU.Build.0 = Release|Any CPU
		{E29C8F41-01E7-4DB1-8B27-16D1D5CD0C8B}.Debug|Any CPU.ActiveCfg = Debug|Any CPU
		{E29C8F41-01E7-4DB1-8B27-16D1D5CD0C8B}.Debug|Any CPU.Build.0 = Debug|Any CPU
		{E29C8F41-01E7-4DB1-8B27-16D1D5CD0C8B}.Release|Any CPU.ActiveCfg = Release|Any CPU
		{E29C8F41-01E7-4DB1-8B27-16D1D5CD0C8B}.Release|Any CPU.Build.0 = Release|Any CPU
		{C421D306-81FC-43E3-9CC5-DE67B0BE8492}.Debug|Any CPU.ActiveCfg = Debug|Any CPU
		{C421D306-81FC-43E3-9CC5-DE67B0BE8492}.Debug|Any CPU.Build.0 = Debug|Any CPU
		{C421D306-81FC-43E3-9CC5-DE67B0BE8492}.Release|Any CPU.ActiveCfg = Release|Any CPU
		{C421D306-81FC-43E3-9CC5-DE67B0BE8492}.Release|Any CPU.Build.0 = Release|Any CPU
		{28FA6F92-B080-4E04-9A09-F06A6262D2B3}.Debug|Any CPU.ActiveCfg = Debug|Any CPU
		{28FA6F92-B080-4E04-9A09-F06A6262D2B3}.Debug|Any CPU.Build.0 = Debug|Any CPU
		{28FA6F92-B080-4E04-9A09-F06A6262D2B3}.Release|Any CPU.ActiveCfg = Release|Any CPU
		{28FA6F92-B080-4E04-9A09-F06A6262D2B3}.Release|Any CPU.Build.0 = Release|Any CPU
	EndGlobalSection
	GlobalSection(SolutionProperties) = preSolution
		HideSolutionNode = FALSE
	EndGlobalSection
	GlobalSection(ExtensibilityGlobals) = postSolution
		SolutionGuid = {8A030953-4FB1-4A0F-A771-FDB6A9917D93}
	EndGlobalSection
EndGlobal
