
Microsoft Visual Studio Solution File, Format Version 12.00
# Visual Studio 15
VisualStudioVersion = 15.0.28307.168
MinimumVisualStudioVersion = 10.0.40219.1
Project("{FAE04EC0-301F-11D3-BF4B-00C04F79EFBC}") = "opgave_variablertal", "opgave_variablertal\opgave_variablertal.csproj", "{9C939B97-D600-433F-8105-DCD6A14DD87F}"
EndProject
Project("{9A19103F-16F7-4668-BE54-9A1E7A4F7556}") = "opgave_regnemaskine", "opgave_regnemaskine\opgave_regnemaskine.csproj", "{6A73BEC1-D4E7-4E60-95EF-6C1DC47E3737}"
EndProject
Project("{9A19103F-16F7-4668-BE54-9A1E7A4F7556}") = "opgave_datetime", "opgave_datetime\opgave_datetime.csproj", "{33BD4B0B-A97F-4760-BADC-B822454ED5F6}"
EndProject
Project("{9A19103F-16F7-4668-BE54-9A1E7A4F7556}") = "opgave_strenge", "opgave_strenge\opgave_strenge.csproj", "{A011DD66-4922-42BE-9A15-9F91F09399EF}"
EndProject
Project("{9A19103F-16F7-4668-BE54-9A1E7A4F7556}") = "opgave_struct", "opgave_struct\opgave_struct.csproj", "{B2589CC5-DB40-4783-B589-7993FE4227E7}"
EndProject
Project("{9A19103F-16F7-4668-BE54-9A1E7A4F7556}") = "opgave_flow", "opgave_flow\opgave_flow.csproj", "{57CC7C08-19F9-4F13-8456-418754E4B1A1}"
EndProject
Project("{FAE04EC0-301F-11D3-BF4B-00C04F79EFBC}") = "tips_og_hints", "tips_og_hints\tips_og_hints.csproj", "{F9DB1B18-1063-4C92-B65C-436CEFEE599D}"
EndProject
Project("{FAE04EC0-301F-11D3-BF4B-00C04F79EFBC}") = "opgave_metoder", "opgave_metoder\opgave_metoder.csproj", "{CBDFEB1D-7DFE-4B98-9323-3E3428EFA88B}"
EndProject
Project("{FAE04EC0-301F-11D3-BF4B-00C04F79EFBC}") = "StatiskOpgave", "StatiskOpgave\StatiskOpgave.csproj", "{D0E1961C-4D7B-47FE-B5B8-08DD3E76F818}"
EndProject
Project("{FAE04EC0-301F-11D3-BF4B-00C04F79EFBC}") = "fejl_simple", "fejl_simple\fejl_simple.csproj", "{AB383ADC-931A-482B-922A-221601F29B15}"
EndProject
Global
	GlobalSection(SolutionConfigurationPlatforms) = preSolution
		Debug|Any CPU = Debug|Any CPU
		Release|Any CPU = Release|Any CPU
	EndGlobalSection
	GlobalSection(ProjectConfigurationPlatforms) = postSolution
		{9C939B97-D600-433F-8105-DCD6A14DD87F}.Debug|Any CPU.ActiveCfg = Debug|Any CPU
		{9C939B97-D600-433F-8105-DCD6A14DD87F}.Debug|Any CPU.Build.0 = Debug|Any CPU
		{9C939B97-D600-433F-8105-DCD6A14DD87F}.Release|Any CPU.ActiveCfg = Release|Any CPU
		{9C939B97-D600-433F-8105-DCD6A14DD87F}.Release|Any CPU.Build.0 = Release|Any CPU
		{6A73BEC1-D4E7-4E60-95EF-6C1DC47E3737}.Debug|Any CPU.ActiveCfg = Debug|Any CPU
		{6A73BEC1-D4E7-4E60-95EF-6C1DC47E3737}.Debug|Any CPU.Build.0 = Debug|Any CPU
		{6A73BEC1-D4E7-4E60-95EF-6C1DC47E3737}.Release|Any CPU.ActiveCfg = Release|Any CPU
		{6A73BEC1-D4E7-4E60-95EF-6C1DC47E3737}.Release|Any CPU.Build.0 = Release|Any CPU
		{33BD4B0B-A97F-4760-BADC-B822454ED5F6}.Debug|Any CPU.ActiveCfg = Debug|Any CPU
		{33BD4B0B-A97F-4760-BADC-B822454ED5F6}.Debug|Any CPU.Build.0 = Debug|Any CPU
		{33BD4B0B-A97F-4760-BADC-B822454ED5F6}.Release|Any CPU.ActiveCfg = Release|Any CPU
		{33BD4B0B-A97F-4760-BADC-B822454ED5F6}.Release|Any CPU.Build.0 = Release|Any CPU
		{A011DD66-4922-42BE-9A15-9F91F09399EF}.Debug|Any CPU.ActiveCfg = Debug|Any CPU
		{A011DD66-4922-42BE-9A15-9F91F09399EF}.Debug|Any CPU.Build.0 = Debug|Any CPU
		{A011DD66-4922-42BE-9A15-9F91F09399EF}.Release|Any CPU.ActiveCfg = Release|Any CPU
		{A011DD66-4922-42BE-9A15-9F91F09399EF}.Release|Any CPU.Build.0 = Release|Any CPU
		{B2589CC5-DB40-4783-B589-7993FE4227E7}.Debug|Any CPU.ActiveCfg = Debug|Any CPU
		{B2589CC5-DB40-4783-B589-7993FE4227E7}.Debug|Any CPU.Build.0 = Debug|Any CPU
		{B2589CC5-DB40-4783-B589-7993FE4227E7}.Release|Any CPU.ActiveCfg = Release|Any CPU
		{B2589CC5-DB40-4783-B589-7993FE4227E7}.Release|Any CPU.Build.0 = Release|Any CPU
		{57CC7C08-19F9-4F13-8456-418754E4B1A1}.Debug|Any CPU.ActiveCfg = Debug|Any CPU
		{57CC7C08-19F9-4F13-8456-418754E4B1A1}.Debug|Any CPU.Build.0 = Debug|Any CPU
		{57CC7C08-19F9-4F13-8456-418754E4B1A1}.Release|Any CPU.ActiveCfg = Release|Any CPU
		{57CC7C08-19F9-4F13-8456-418754E4B1A1}.Release|Any CPU.Build.0 = Release|Any CPU
		{F9DB1B18-1063-4C92-B65C-436CEFEE599D}.Debug|Any CPU.ActiveCfg = Debug|Any CPU
		{F9DB1B18-1063-4C92-B65C-436CEFEE599D}.Debug|Any CPU.Build.0 = Debug|Any CPU
		{F9DB1B18-1063-4C92-B65C-436CEFEE599D}.Release|Any CPU.ActiveCfg = Release|Any CPU
		{F9DB1B18-1063-4C92-B65C-436CEFEE599D}.Release|Any CPU.Build.0 = Release|Any CPU
		{CBDFEB1D-7DFE-4B98-9323-3E3428EFA88B}.Debug|Any CPU.ActiveCfg = Debug|Any CPU
		{CBDFEB1D-7DFE-4B98-9323-3E3428EFA88B}.Debug|Any CPU.Build.0 = Debug|Any CPU
		{CBDFEB1D-7DFE-4B98-9323-3E3428EFA88B}.Release|Any CPU.ActiveCfg = Release|Any CPU
		{CBDFEB1D-7DFE-4B98-9323-3E3428EFA88B}.Release|Any CPU.Build.0 = Release|Any CPU
		{D0E1961C-4D7B-47FE-B5B8-08DD3E76F818}.Debug|Any CPU.ActiveCfg = Debug|Any CPU
		{D0E1961C-4D7B-47FE-B5B8-08DD3E76F818}.Debug|Any CPU.Build.0 = Debug|Any CPU
		{D0E1961C-4D7B-47FE-B5B8-08DD3E76F818}.Release|Any CPU.ActiveCfg = Release|Any CPU
		{D0E1961C-4D7B-47FE-B5B8-08DD3E76F818}.Release|Any CPU.Build.0 = Release|Any CPU
		{AB383ADC-931A-482B-922A-221601F29B15}.Debug|Any CPU.ActiveCfg = Debug|Any CPU
		{AB383ADC-931A-482B-922A-221601F29B15}.Debug|Any CPU.Build.0 = Debug|Any CPU
		{AB383ADC-931A-482B-922A-221601F29B15}.Release|Any CPU.ActiveCfg = Release|Any CPU
		{AB383ADC-931A-482B-922A-221601F29B15}.Release|Any CPU.Build.0 = Release|Any CPU
	EndGlobalSection
	GlobalSection(SolutionProperties) = preSolution
		HideSolutionNode = FALSE
	EndGlobalSection
	GlobalSection(ExtensibilityGlobals) = postSolution
		SolutionGuid = {8A030953-4FB1-4A0F-A771-FDB6A9917D93}
	EndGlobalSection
EndGlobal
